// !$*UTF8*$!
{
	archiveVersion = 1;
	classes = {
	};
	objectVersion = 48;
	objects = {

/* Begin PBXBuildFile section */
		1820BF4E20569D8A00EAD801 /* AppDelegate.swift in Sources */ = {isa = PBXBuildFile; fileRef = 1820BF4D20569D8A00EAD801 /* AppDelegate.swift */; };
		1820BF5020569D8A00EAD801 /* TwitterLaunchAnimationVC.swift in Sources */ = {isa = PBXBuildFile; fileRef = 1820BF4F20569D8A00EAD801 /* TwitterLaunchAnimationVC.swift */; };
		1820BF5320569D8A00EAD801 /* Main.storyboard in Resources */ = {isa = PBXBuildFile; fileRef = 1820BF5120569D8A00EAD801 /* Main.storyboard */; };
		1820BF5520569D8A00EAD801 /* Assets.xcassets in Resources */ = {isa = PBXBuildFile; fileRef = 1820BF5420569D8A00EAD801 /* Assets.xcassets */; };
		1820BF5820569D8A00EAD801 /* LaunchScreen.storyboard in Resources */ = {isa = PBXBuildFile; fileRef = 1820BF5620569D8A00EAD801 /* LaunchScreen.storyboard */; };
/* End PBXBuildFile section */

/* Begin PBXFileReference section */
		1820BF4A20569D8A00EAD801 /* TwitterAppLaunchTypeAnimation.app */ = {isa = PBXFileReference; explicitFileType = wrapper.application; includeInIndex = 0; path = TwitterAppLaunchTypeAnimation.app; sourceTree = BUILT_PRODUCTS_DIR; };
		1820BF4D20569D8A00EAD801 /* AppDelegate.swift */ = {isa = PBXFileReference; lastKnownFileType = sourcecode.swift; path = AppDelegate.swift; sourceTree = "<group>"; };
		1820BF4F20569D8A00EAD801 /* TwitterLaunchAnimationVC.swift */ = {isa = PBXFileReference; lastKnownFileType = sourcecode.swift; path = TwitterLaunchAnimationVC.swift; sourceTree = "<group>"; };
		1820BF5220569D8A00EAD801 /* Base */ = {isa = PBXFileReference; lastKnownFileType = file.storyboard; name = Base; path = Base.lproj/Main.storyboard; sourceTree = "<group>"; };
		1820BF5420569D8A00EAD801 /* Assets.xcassets */ = {isa = PBXFileReference; lastKnownFileType = folder.assetcatalog; path = Assets.xcassets; sourceTree = "<group>"; };
		1820BF5720569D8A00EAD801 /* Base */ = {isa = PBXFileReference; lastKnownFileType = file.storyboard; name = Base; path = Base.lproj/LaunchScreen.storyboard; sourceTree = "<group>"; };
		1820BF5920569D8A00EAD801 /* Info.plist */ = {isa = PBXFileReference; lastKnownFileType = text.plist.xml; path = Info.plist; sourceTree = "<group>"; };
/* End PBXFileReference section */

/* Begin PBXFrameworksBuildPhase section */
		1820BF4720569D8A00EAD801 /* Frameworks */ = {
			isa = PBXFrameworksBuildPhase;
			buildActionMask = 2147483647;
			files = (
			);
			runOnlyForDeploymentPostprocessing = 0;
		};
/* End PBXFrameworksBuildPhase section */

/* Begin PBXGroup section */
		1820BF4120569D8A00EAD801 = {
			isa = PBXGroup;
			children = (
				1820BF4C20569D8A00EAD801 /* TwitterAppLaunchTypeAnimation */,
				1820BF4B20569D8A00EAD801 /* Products */,
			);
			sourceTree = "<group>";
		};
		1820BF4B20569D8A00EAD801 /* Products */ = {
			isa = PBXGroup;
			children = (
				1820BF4A20569D8A00EAD801 /* TwitterAppLaunchTypeAnimation.app */,
			);
			name = Products;
			sourceTree = "<group>";
		};
		1820BF4C20569D8A00EAD801 /* TwitterAppLaunchTypeAnimation */ = {
			isa = PBXGroup;
			children = (
				1820BF4D20569D8A00EAD801 /* AppDelegate.swift */,
				1820BF4F20569D8A00EAD801 /* TwitterLaunchAnimationVC.swift */,
				1820BF5120569D8A00EAD801 /* Main.storyboard */,
				1820BF5420569D8A00EAD801 /* Assets.xcassets */,
				1820BF5620569D8A00EAD801 /* LaunchScreen.storyboard */,
				1820BF5920569D8A00EAD801 /* Info.plist */,
			);
			path = TwitterAppLaunchTypeAnimation;
			sourceTree = "<group>";
		};
/* End PBXGroup section */

/* Begin PBXNativeTarget section */
		1820BF4920569D8A00EAD801 /* TwitterAppLaunchTypeAnimation */ = {
			isa = PBXNativeTarget;
			buildConfigurationList = 1820BF5C20569D8A00EAD801 /* Build configuration list for PBXNativeTarget "TwitterAppLaunchTypeAnimation" */;
			buildPhases = (
				1820BF4620569D8A00EAD801 /* Sources */,
				1820BF4720569D8A00EAD801 /* Frameworks */,
				1820BF4820569D8A00EAD801 /* Resources */,
			);
			buildRules = (
			);
			dependencies = (
			);
			name = TwitterAppLaunchTypeAnimation;
			productName = TwitterAppLaunchTypeAnimation;
			productReference = 1820BF4A20569D8A00EAD801 /* TwitterAppLaunchTypeAnimation.app */;
			productType = "com.apple.product-type.application";
		};
/* End PBXNativeTarget section */

/* Begin PBXProject section */
		1820BF4220569D8A00EAD801 /* Project object */ = {
			isa = PBXProject;
			attributes = {
				LastSwiftUpdateCheck = 0920;
				LastUpgradeCheck = 0920;
				ORGANIZATIONNAME = Vignesh;
				TargetAttributes = {
					1820BF4920569D8A00EAD801 = {
						CreatedOnToolsVersion = 9.2;
						ProvisioningStyle = Automatic;
					};
				};
			};
			buildConfigurationList = 1820BF4520569D8A00EAD801 /* Build configuration list for PBXProject "TwitterAppLaunchTypeAnimation" */;
			compatibilityVersion = "Xcode 8.0";
			developmentRegion = en;
			hasScannedForEncodings = 0;
			knownRegions = (
				en,
				Base,
			);
			mainGroup = 1820BF4120569D8A00EAD801;
			productRefGroup = 1820BF4B20569D8A00EAD801 /* Products */;
			projectDirPath = "";
			projectRoot = "";
			targets = (
				1820BF4920569D8A00EAD801 /* TwitterAppLaunchTypeAnimation */,
			);
		};
/* End PBXProject section */

/* Begin PBXResourcesBuildPhase section */
		1820BF4820569D8A00EAD801 /* Resources */ = {
			isa = PBXResourcesBuildPhase;
			buildActionMask = 2147483647;
			files = (
				1820BF5820569D8A00EAD801 /* LaunchScreen.storyboard in Resources */,
				1820BF5520569D8A00EAD801 /* Assets.xcassets in Resources */,
				1820BF5320569D8A00EAD801 /* Main.storyboard in Resources */,
			);
			runOnlyForDeploymentPostprocessing = 0;
		};
/* End PBXResourcesBuildPhase section */

/* Begin PBXSourcesBuildPhase section */
		1820BF4620569D8A00EAD801 /* Sources */ = {
			isa = PBXSourcesBuildPhase;
			buildActionMask = 2147483647;
			files = (
				1820BF5020569D8A00EAD801 /* TwitterLaunchAnimationVC.swift in Sources */,
				1820BF4E20569D8A00EAD801 /* AppDelegate.swift in Sources */,
			);
			runOnlyForDeploymentPostprocessing = 0;
		};
/* End PBXSourcesBuildPhase section */

/* Begin PBXVariantGroup section */
		1820BF5120569D8A00EAD801 /* Main.storyboard */ = {
			isa = PBXVariantGroup;
			children = (
				1820BF5220569D8A00EAD801 /* Base */,
			);
			name = Main.storyboard;
			sourceTree = "<group>";
		};
		1820BF5620569D8A00EAD801 /* LaunchScreen.storyboard */ = {
			isa = PBXVariantGroup;
			children = (
				1820BF5720569D8A00EAD801 /* Base */,
			);
			name = LaunchScreen.storyboard;
			sourceTree = "<group>";
		};
/* End PBXVariantGroup section */

/* Begin XCBuildConfiguration section */
		1820BF5A20569D8A00EAD801 /* Debug */ = {
			isa = XCBuildConfiguration;
			buildSettings = {
				ALWAYS_SEARCH_USER_PATHS = NO;
				CLANG_ANALYZER_NONNULL = YES;
				CLANG_ANALYZER_NUMBER_OBJECT_CONVERSION = YES_AGGRESSIVE;
				CLANG_CXX_LANGUAGE_STANDARD = "gnu++14";
				CLANG_CXX_LIBRARY = "libc++";
				CLANG_ENABLE_MODULES = YES;
				CLANG_ENABLE_OBJC_ARC = YES;
				CLANG_WARN_BLOCK_CAPTURE_AUTORELEASING = YES;
				CLANG_WARN_BOOL_CONVERSION = YES;
				CLANG_WARN_COMMA = YES;
				CLANG_WARN_CONSTANT_CONVERSION = YES;
				CLANG_WARN_DIRECT_OBJC_ISA_USAGE = YES_ERROR;
				CLANG_WARN_DOCUMENTATION_COMMENTS = YES;
				CLANG_WARN_EMPTY_BODY = YES;
				CLANG_WARN_ENUM_CONVERSION = YES;
				CLANG_WARN_INFINITE_RECURSION = YES;
				CLANG_WARN_INT_CONVERSION = YES;
				CLANG_WARN_NON_LITERAL_NULL_CONVERSION = YES;
				CLANG_WARN_OBJC_LITERAL_CONVERSION = YES;
				CLANG_WARN_OBJC_ROOT_CLASS = YES_ERROR;
				CLANG_WARN_RANGE_LOOP_ANALYSIS = YES;
				CLANG_WARN_STRICT_PROTOTYPES = YES;
				CLANG_WARN_SUSPICIOUS_MOVE = YES;
				CLANG_WARN_UNGUARDED_AVAILABILITY = YES_AGGRESSIVE;
				CLANG_WARN_UNREACHABLE_CODE = YES;
				CLANG_WARN__DUPLICATE_METHOD_MATCH = YES;
				CODE_SIGN_IDENTITY = "iPhone Developer";
				COPY_PHASE_STRIP = NO;
				DEBUG_INFORMATION_FORMAT = dwarf;
				ENABLE_STRICT_OBJC_MSGSEND = YES;
				ENABLE_TESTABILITY = YES;
				GCC_C_LANGUAGE_STANDARD = gnu11;
				GCC_DYNAMIC_NO_PIC = NO;
				GCC_NO_COMMON_BLOCKS = YES;
				GCC_OPTIMIZATION_LEVEL = 0;
				GCC_PREPROCESSOR_DEFINITIONS = (
					"DEBUG=1",
					"$(inherited)",
				);
				GCC_WARN_64_TO_32_BIT_CONVERSION = YES;
				GCC_WARN_ABOUT_RETURN_TYPE = YES_ERROR;
				GCC_WARN_UNDECLARED_SELECTOR = YES;
				GCC_WARN_UNINITIALIZED_AUTOS = YES_AGGRESSIVE;
				GCC_WARN_UNUSED_FUNCTION = YES;
				GCC_WARN_UNUSED_VARIABLE = YES;
				IPHONEOS_DEPLOYMENT_TARGET = 11.2;
				MTL_ENABLE_DEBUG_INFO = YES;
				ONLY_ACTIVE_ARCH = YES;
				SDKROOT = iphoneos;
				SWIFT_ACTIVE_COMPILATION_CONDITIONS = DEBUG;
				SWIFT_OPTIMIZATION_LEVEL = "-Onone";
			};
			name = Debug;
		};
		1820BF5B20569D8A00EAD801 /* Release */ = {
			isa = XCBuildConfiguration;
			buildSettings = {
				ALWAYS_SEARCH_USER_PATHS = NO;
				CLANG_ANALYZER_NONNULL = YES;
				CLANG_ANALYZER_NUMBER_OBJECT_CONVERSION = YES_AGGRESSIVE;
				CLANG_CXX_LANGUAGE_STANDARD = "gnu++14";
				CLANG_CXX_LIBRARY = "libc++";
				CLANG_ENABLE_MODULES = YES;
				CLANG_ENABLE_OBJC_ARC = YES;
				CLANG_WARN_BLOCK_CAPTURE_AUTORELEASING = YES;
				CLANG_WARN_BOOL_CONVERSION = YES;
				CLANG_WARN_COMMA = YES;
				CLANG_WARN_CONSTANT_CONVERSION = YES;
				CLANG_WARN_DIRECT_OBJC_ISA_USAGE = YES_ERROR;
				CLANG_WARN_DOCUMENTATION_COMMENTS = YES;
				CLANG_WARN_EMPTY_BODY = YES;
				CLANG_WARN_ENUM_CONVERSION = YES;
				CLANG_WARN_INFINITE_RECURSION = YES;
				CLANG_WARN_INT_CONVERSION = YES;
				CLANG_WARN_NON_LITERAL_NULL_CONVERSION = YES;
				CLANG_WARN_OBJC_LITERAL_CONVERSION = YES;
				CLANG_WARN_OBJC_ROOT_CLASS = YES_ERROR;
				CLANG_WARN_RANGE_LOOP_ANALYSIS = YES;
				CLANG_WARN_STRICT_PROTOTYPES = YES;
				CLANG_WARN_SUSPICIOUS_MOVE = YES;
				CLANG_WARN_UNGUARDED_AVAILABILITY = YES_AGGRESSIVE;
				CLANG_WARN_UNREACHABLE_CODE = YES;
				CLANG_WARN__DUPLICATE_METHOD_MATCH = YES;
				CODE_SIGN_IDENTITY = "iPhone Developer";
				COPY_PHASE_STRIP = NO;
				DEBUG_INFORMATION_FORMAT = "dwarf-with-dsym";
				ENABLE_NS_ASSERTIONS = NO;
				ENABLE_STRICT_OBJC_MSGSEND = YES;
				GCC_C_LANGUAGE_STANDARD = gnu11;
				GCC_NO_COMMON_BLOCKS = YES;
				GCC_WARN_64_TO_32_BIT_CONVERSION = YES;
				GCC_WARN_ABOUT_RETURN_TYPE = YES_ERROR;
				GCC_WARN_UNDECLARED_SELECTOR = YES;
				GCC_WARN_UNINITIALIZED_AUTOS = YES_AGGRESSIVE;
				GCC_WARN_UNUSED_FUNCTION = YES;
				GCC_WARN_UNUSED_VARIABLE = YES;
				IPHONEOS_DEPLOYMENT_TARGET = 11.2;
				MTL_ENABLE_DEBUG_INFO = NO;
				SDKROOT = iphoneos;
				SWIFT_OPTIMIZATION_LEVEL = "-Owholemodule";
				VALIDATE_PRODUCT = YES;
			};
			name = Release;
		};
		1820BF5D20569D8A00EAD801 /* Debug */ = {
			isa = XCBuildConfiguration;
			buildSettings = {
				ASSETCATALOG_COMPILER_APPICON_NAME = AppIcon;
				CODE_SIGN_STYLE = Automatic;
				DEVELOPMENT_TEAM = 5Q83Y4W332;
				INFOPLIST_FILE = TwitterAppLaunchTypeAnimation/Info.plist;
				LD_RUNPATH_SEARCH_PATHS = "$(inherited) @executable_path/Frameworks";
				PRODUCT_BUNDLE_IDENTIFIER = com.vignesh.TwitterAppLaunchTypeAnimation;
				PRODUCT_NAME = "$(TARGET_NAME)";
				SWIFT_VERSION = 4.0;
				TARGETED_DEVICE_FAMILY = "1,2";
			};
			name = Debug;
		};
		1820BF5E20569D8A00EAD801 /* Release */ = {
			isa = XCBuildConfiguration;
			buildSettings = {
				ASSETCATALOG_COMPILER_APPICON_NAME = AppIcon;
				CODE_SIGN_STYLE = Automatic;
				DEVELOPMENT_TEAM = 5Q83Y4W332;
				INFOPLIST_FILE = TwitterAppLaunchTypeAnimation/Info.plist;
				LD_RUNPATH_SEARCH_PATHS = "$(inherited) @executable_path/Frameworks";
				PRODUCT_BUNDLE_IDENTIFIER = com.vignesh.TwitterAppLaunchTypeAnimation;
				PRODUCT_NAME = "$(TARGET_NAME)";
				SWIFT_VERSION = 4.0;
				TARGETED_DEVICE_FAMILY = "1,2";
			};
			name = Release;
		};
/* End XCBuildConfiguration section */

/* Begin XCConfigurationList section */
		1820BF4520569D8A00EAD801 /* Build configuration list for PBXProject "TwitterAppLaunchTypeAnimation" */ = {
			isa = XCConfigurationList;
			buildConfigurations = (
				1820BF5A20569D8A00EAD801 /* Debug */,
				1820BF5B20569D8A00EAD801 /* Release */,
			);
			defaultConfigurationIsVisible = 0;
			defaultConfigurationName = Release;
		};
		1820BF5C20569D8A00EAD801 /* Build configuration list for PBXNativeTarget "TwitterAppLaunchTypeAnimation" */ = {
			isa = XCConfigurationList;
			buildConfigurations = (
				1820BF5D20569D8A00EAD801 /* Debug */,
				1820BF5E20569D8A00EAD801 /* Release */,
			);
			defaultConfigurationIsVisible = 0;
			defaultConfigurationName = Release;
		};
/* End XCConfigurationList section */
	};
	rootObject = 1820BF4220569D8A00EAD801 /* Project object */;
}
